
Microsoft Visual Studio Solution File, Format Version 12.00
# Visual Studio Version 17
VisualStudioVersion = 17.0.32112.339
MinimumVisualStudioVersion = 10.0.40219.1
Project("{FAE04EC0-301F-11D3-BF4B-00C04F79EFBC}") = "20220124", "20220124\20220124.csproj", "{65C5142D-D62F-44B0-8D62-1ADA000D00EC}"
EndProject
Project("{FAE04EC0-301F-11D3-BF4B-00C04F79EFBC}") = "20220126", "20220126\20220126.csproj", "{0E54875C-E3D0-425B-8BBF-39B735B9F155}"
EndProject
Project("{FAE04EC0-301F-11D3-BF4B-00C04F79EFBC}") = "20220119", "20220119\20220119.csproj", "{F0B0B8AB-1F94-4D91-9159-743373A1D741}"
EndProject
Project("{FAE04EC0-301F-11D3-BF4B-00C04F79EFBC}") = "20220209", "20220209\20220209.csproj", "{0F68516C-D0CE-4AE2-A4B8-A0E33E3FA86A}"
EndProject
Project("{FAE04EC0-301F-11D3-BF4B-00C04F79EFBC}") = "20220222", "20220222\20220222.csproj", "{0D067558-35A2-4EFD-ACBC-78622947929C}"
EndProject
Project("{FAE04EC0-301F-11D3-BF4B-00C04F79EFBC}") = "20220223_8", "20220223_8\20220223_8.csproj", "{74D99837-46CB-4633-885C-61630F2291DC}"
EndProject
Project("{FAE04EC0-301F-11D3-BF4B-00C04F79EFBC}") = "20220223_6", "20220223_6\20220223_6.csproj", "{7924672F-36E8-4617-98F0-83261C5B2AAC}"
EndProject
Project("{FAE04EC0-301F-11D3-BF4B-00C04F79EFBC}") = "20220225", "20220225\20220225.csproj", "{CF7636CB-ABC8-4158-82AE-78D073C47111}"
EndProject
Project("{FAE04EC0-301F-11D3-BF4B-00C04F79EFBC}") = "20220301", "20220301\20220301.csproj", "{9BDDF843-1ADD-4B30-B1D9-6D491305BE9E}"
EndProject
Project("{FAE04EC0-301F-11D3-BF4B-00C04F79EFBC}") = "20220303", "20220303\20220303.csproj", "{19BF0471-5108-438A-93EB-5A912CE4573B}"
EndProject
Project("{FAE04EC0-301F-11D3-BF4B-00C04F79EFBC}") = "20220308", "20220308\20220308.csproj", "{8B72823A-6118-4B1F-996E-1D4EEFE835BB}"
EndProject
Project("{FAE04EC0-301F-11D3-BF4B-00C04F79EFBC}") = "20220505", "20220505\20220505.csproj", "{EE2A5D86-62D8-4B61-97AF-5630820721C3}"
EndProject
Project("{FAE04EC0-301F-11D3-BF4B-00C04F79EFBC}") = "20220505_2", "20220505_2\20220505_2.csproj", "{F43D2FEA-8530-4A8C-9ED2-25AF1B219640}"
EndProject
Project("{FAE04EC0-301F-11D3-BF4B-00C04F79EFBC}") = "20220505_5", "20220505_5\20220505_5.csproj", "{2E5824FA-7546-4D9F-A0BE-6135D8A83221}"
EndProject
Project("{FAE04EC0-301F-11D3-BF4B-00C04F79EFBC}") = "20220505_3", "20220505_3\20220505_3.csproj", "{5CB2FA32-DA35-45B2-B068-781B54B6C30D}"
EndProject
Project("{FAE04EC0-301F-11D3-BF4B-00C04F79EFBC}") = "20220505_5_檢", "20220505_5_檢\20220505_5_檢.csproj", "{3C0EFED4-F082-499A-AAD5-0904BEEE3A78}"
EndProject
Project("{FAE04EC0-301F-11D3-BF4B-00C04F79EFBC}") = "20220505_3_檢", "20220505_3_檢\20220505_3_檢.csproj", "{D5FF2364-098B-4528-9462-35F76F6A9FE8}"
EndProject
Project("{FAE04EC0-301F-11D3-BF4B-00C04F79EFBC}") = "20220505_2_檢", "20220505_2_檢\20220505_2_檢.csproj", "{4ACF0C26-0BA0-470C-9638-99C3ABDA087D}"
EndProject
Project("{FAE04EC0-301F-11D3-BF4B-00C04F79EFBC}") = "20220602", "20220602\20220602.csproj", "{6C6B7240-CAB4-4AD9-A382-AA0D3D28F708}"
EndProject
Global
	GlobalSection(SolutionConfigurationPlatforms) = preSolution
		Debug|Any CPU = Debug|Any CPU
		Release|Any CPU = Release|Any CPU
	EndGlobalSection
	GlobalSection(ProjectConfigurationPlatforms) = postSolution
		{65C5142D-D62F-44B0-8D62-1ADA000D00EC}.Debug|Any CPU.ActiveCfg = Debug|Any CPU
		{65C5142D-D62F-44B0-8D62-1ADA000D00EC}.Debug|Any CPU.Build.0 = Debug|Any CPU
		{65C5142D-D62F-44B0-8D62-1ADA000D00EC}.Release|Any CPU.ActiveCfg = Release|Any CPU
		{65C5142D-D62F-44B0-8D62-1ADA000D00EC}.Release|Any CPU.Build.0 = Release|Any CPU
		{0E54875C-E3D0-425B-8BBF-39B735B9F155}.Debug|Any CPU.ActiveCfg = Debug|Any CPU
		{0E54875C-E3D0-425B-8BBF-39B735B9F155}.Debug|Any CPU.Build.0 = Debug|Any CPU
		{0E54875C-E3D0-425B-8BBF-39B735B9F155}.Release|Any CPU.ActiveCfg = Release|Any CPU
		{0E54875C-E3D0-425B-8BBF-39B735B9F155}.Release|Any CPU.Build.0 = Release|Any CPU
		{F0B0B8AB-1F94-4D91-9159-743373A1D741}.Debug|Any CPU.ActiveCfg = Debug|Any CPU
		{F0B0B8AB-1F94-4D91-9159-743373A1D741}.Debug|Any CPU.Build.0 = Debug|Any CPU
		{F0B0B8AB-1F94-4D91-9159-743373A1D741}.Release|Any CPU.ActiveCfg = Release|Any CPU
		{F0B0B8AB-1F94-4D91-9159-743373A1D741}.Release|Any CPU.Build.0 = Release|Any CPU
		{0F68516C-D0CE-4AE2-A4B8-A0E33E3FA86A}.Debug|Any CPU.ActiveCfg = Debug|Any CPU
		{0F68516C-D0CE-4AE2-A4B8-A0E33E3FA86A}.Debug|Any CPU.Build.0 = Debug|Any CPU
		{0F68516C-D0CE-4AE2-A4B8-A0E33E3FA86A}.Release|Any CPU.ActiveCfg = Release|Any CPU
		{0F68516C-D0CE-4AE2-A4B8-A0E33E3FA86A}.Release|Any CPU.Build.0 = Release|Any CPU
		{0D067558-35A2-4EFD-ACBC-78622947929C}.Debug|Any CPU.ActiveCfg = Debug|Any CPU
		{0D067558-35A2-4EFD-ACBC-78622947929C}.Debug|Any CPU.Build.0 = Debug|Any CPU
		{0D067558-35A2-4EFD-ACBC-78622947929C}.Release|Any CPU.ActiveCfg = Release|Any CPU
		{0D067558-35A2-4EFD-ACBC-78622947929C}.Release|Any CPU.Build.0 = Release|Any CPU
		{74D99837-46CB-4633-885C-61630F2291DC}.Debug|Any CPU.ActiveCfg = Debug|Any CPU
		{74D99837-46CB-4633-885C-61630F2291DC}.Debug|Any CPU.Build.0 = Debug|Any CPU
		{74D99837-46CB-4633-885C-61630F2291DC}.Release|Any CPU.ActiveCfg = Release|Any CPU
		{74D99837-46CB-4633-885C-61630F2291DC}.Release|Any CPU.Build.0 = Release|Any CPU
		{7924672F-36E8-4617-98F0-83261C5B2AAC}.Debug|Any CPU.ActiveCfg = Debug|Any CPU
		{7924672F-36E8-4617-98F0-83261C5B2AAC}.Debug|Any CPU.Build.0 = Debug|Any CPU
		{7924672F-36E8-4617-98F0-83261C5B2AAC}.Release|Any CPU.ActiveCfg = Release|Any CPU
		{7924672F-36E8-4617-98F0-83261C5B2AAC}.Release|Any CPU.Build.0 = Release|Any CPU
		{CF7636CB-ABC8-4158-82AE-78D073C47111}.Debug|Any CPU.ActiveCfg = Debug|Any CPU
		{CF7636CB-ABC8-4158-82AE-78D073C47111}.Debug|Any CPU.Build.0 = Debug|Any CPU
		{CF7636CB-ABC8-4158-82AE-78D073C47111}.Release|Any CPU.ActiveCfg = Release|Any CPU
		{CF7636CB-ABC8-4158-82AE-78D073C47111}.Release|Any CPU.Build.0 = Release|Any CPU
		{9BDDF843-1ADD-4B30-B1D9-6D491305BE9E}.Debug|Any CPU.ActiveCfg = Debug|Any CPU
		{9BDDF843-1ADD-4B30-B1D9-6D491305BE9E}.Debug|Any CPU.Build.0 = Debug|Any CPU
		{9BDDF843-1ADD-4B30-B1D9-6D491305BE9E}.Release|Any CPU.ActiveCfg = Release|Any CPU
		{9BDDF843-1ADD-4B30-B1D9-6D491305BE9E}.Release|Any CPU.Build.0 = Release|Any CPU
		{19BF0471-5108-438A-93EB-5A912CE4573B}.Debug|Any CPU.ActiveCfg = Debug|Any CPU
		{19BF0471-5108-438A-93EB-5A912CE4573B}.Debug|Any CPU.Build.0 = Debug|Any CPU
		{19BF0471-5108-438A-93EB-5A912CE4573B}.Release|Any CPU.ActiveCfg = Release|Any CPU
		{19BF0471-5108-438A-93EB-5A912CE4573B}.Release|Any CPU.Build.0 = Release|Any CPU
		{8B72823A-6118-4B1F-996E-1D4EEFE835BB}.Debug|Any CPU.ActiveCfg = Debug|Any CPU
		{8B72823A-6118-4B1F-996E-1D4EEFE835BB}.Debug|Any CPU.Build.0 = Debug|Any CPU
		{8B72823A-6118-4B1F-996E-1D4EEFE835BB}.Release|Any CPU.ActiveCfg = Release|Any CPU
		{8B72823A-6118-4B1F-996E-1D4EEFE835BB}.Release|Any CPU.Build.0 = Release|Any CPU
		{EE2A5D86-62D8-4B61-97AF-5630820721C3}.Debug|Any CPU.ActiveCfg = Debug|Any CPU
		{EE2A5D86-62D8-4B61-97AF-5630820721C3}.Debug|Any CPU.Build.0 = Debug|Any CPU
		{EE2A5D86-62D8-4B61-97AF-5630820721C3}.Release|Any CPU.ActiveCfg = Release|Any CPU
		{EE2A5D86-62D8-4B61-97AF-5630820721C3}.Release|Any CPU.Build.0 = Release|Any CPU
		{F43D2FEA-8530-4A8C-9ED2-25AF1B219640}.Debug|Any CPU.ActiveCfg = Debug|Any CPU
		{F43D2FEA-8530-4A8C-9ED2-25AF1B219640}.Debug|Any CPU.Build.0 = Debug|Any CPU
		{F43D2FEA-8530-4A8C-9ED2-25AF1B219640}.Release|Any CPU.ActiveCfg = Release|Any CPU
		{F43D2FEA-8530-4A8C-9ED2-25AF1B219640}.Release|Any CPU.Build.0 = Release|Any CPU
		{2E5824FA-7546-4D9F-A0BE-6135D8A83221}.Debug|Any CPU.ActiveCfg = Debug|Any CPU
		{2E5824FA-7546-4D9F-A0BE-6135D8A83221}.Debug|Any CPU.Build.0 = Debug|Any CPU
		{2E5824FA-7546-4D9F-A0BE-6135D8A83221}.Release|Any CPU.ActiveCfg = Release|Any CPU
		{2E5824FA-7546-4D9F-A0BE-6135D8A83221}.Release|Any CPU.Build.0 = Release|Any CPU
		{5CB2FA32-DA35-45B2-B068-781B54B6C30D}.Debug|Any CPU.ActiveCfg = Debug|Any CPU
		{5CB2FA32-DA35-45B2-B068-781B54B6C30D}.Debug|Any CPU.Build.0 = Debug|Any CPU
		{5CB2FA32-DA35-45B2-B068-781B54B6C30D}.Release|Any CPU.ActiveCfg = Release|Any CPU
		{5CB2FA32-DA35-45B2-B068-781B54B6C30D}.Release|Any CPU.Build.0 = Release|Any CPU
		{3C0EFED4-F082-499A-AAD5-0904BEEE3A78}.Debug|Any CPU.ActiveCfg = Debug|Any CPU
		{3C0EFED4-F082-499A-AAD5-0904BEEE3A78}.Debug|Any CPU.Build.0 = Debug|Any CPU
		{3C0EFED4-F082-499A-AAD5-0904BEEE3A78}.Release|Any CPU.ActiveCfg = Release|Any CPU
		{3C0EFED4-F082-499A-AAD5-0904BEEE3A78}.Release|Any CPU.Build.0 = Release|Any CPU
		{D5FF2364-098B-4528-9462-35F76F6A9FE8}.Debug|Any CPU.ActiveCfg = Debug|Any CPU
		{D5FF2364-098B-4528-9462-35F76F6A9FE8}.Debug|Any CPU.Build.0 = Debug|Any CPU
		{D5FF2364-098B-4528-9462-35F76F6A9FE8}.Release|Any CPU.ActiveCfg = Release|Any CPU
		{D5FF2364-098B-4528-9462-35F76F6A9FE8}.Release|Any CPU.Build.0 = Release|Any CPU
		{4ACF0C26-0BA0-470C-9638-99C3ABDA087D}.Debug|Any CPU.ActiveCfg = Debug|Any CPU
		{4ACF0C26-0BA0-470C-9638-99C3ABDA087D}.Debug|Any CPU.Build.0 = Debug|Any CPU
		{4ACF0C26-0BA0-470C-9638-99C3ABDA087D}.Release|Any CPU.ActiveCfg = Release|Any CPU
		{4ACF0C26-0BA0-470C-9638-99C3ABDA087D}.Release|Any CPU.Build.0 = Release|Any CPU
		{6C6B7240-CAB4-4AD9-A382-AA0D3D28F708}.Debug|Any CPU.ActiveCfg = Debug|Any CPU
		{6C6B7240-CAB4-4AD9-A382-AA0D3D28F708}.Debug|Any CPU.Build.0 = Debug|Any CPU
		{6C6B7240-CAB4-4AD9-A382-AA0D3D28F708}.Release|Any CPU.ActiveCfg = Release|Any CPU
		{6C6B7240-CAB4-4AD9-A382-AA0D3D28F708}.Release|Any CPU.Build.0 = Release|Any CPU
	EndGlobalSection
	GlobalSection(SolutionProperties) = preSolution
		HideSolutionNode = FALSE
	EndGlobalSection
	GlobalSection(ExtensibilityGlobals) = postSolution
		SolutionGuid = {08D77774-7343-4980-84C6-2C538093F407}
	EndGlobalSection
EndGlobal
